
Microsoft Visual Studio Solution File, Format Version 12.00
# Visual Studio Version 16
VisualStudioVersion = 16.0.34031.81
MinimumVisualStudioVersion = 10.0.40219.1
Project("{2150E333-8FDC-42A3-9474-1A3956D46DE8}") = "Task0", "Task0", "{70EB51CB-36BD-43A5-AE36-0F19D96A42D3}"
EndProject
Project("{FAE04EC0-301F-11D3-BF4B-00C04F79EFBC}") = "Tyuiu.UsoltsevAD.Sprint1.Task0.V28", "Tyuiu.UsoltsevAD.Sprint1.Task0.V28\Tyuiu.UsoltsevAD.Sprint1.Task0.V28.csproj", "{8E5A7970-2CD0-4DBA-AEBF-160976EC2590}"
EndProject
Project("{FAE04EC0-301F-11D3-BF4B-00C04F79EFBC}") = "Tyuiu.UsoltsevAD.Sprint1.Task0.V28.Lib", "Tyuiu.UsoltsevAD.Sprint1.Task0.V28.Lib\Tyuiu.UsoltsevAD.Sprint1.Task0.V28.Lib.csproj", "{1E897912-C8C6-4770-A585-B695F4E4D925}"
EndProject
Project("{FAE04EC0-301F-11D3-BF4B-00C04F79EFBC}") = "Tyuiu.UsoltsevAD.Sprint1.Task0.V28.Test", "Tyuiu.UsoltsevAD.Sprint1.Task0.V28.Test\Tyuiu.UsoltsevAD.Sprint1.Task0.V28.Test.csproj", "{0BC258A2-7426-4B9B-847C-25CED22742C6}"
EndProject
Project("{2150E333-8FDC-42A3-9474-1A3956D46DE8}") = "Task1", "Task1", "{DAF461E5-F6B0-41A8-8543-EFE90273EC3C}"
EndProject
Project("{FAE04EC0-301F-11D3-BF4B-00C04F79EFBC}") = "Tyuiu.UsoltsevAD.Sprint1.Task1.V18", "Tyuiu.UsoltsevAD.Sprint1.Task1.V18\Tyuiu.UsoltsevAD.Sprint1.Task1.V18.csproj", "{B1A32290-9913-4560-A909-6B211C740428}"
EndProject
Project("{FAE04EC0-301F-11D3-BF4B-00C04F79EFBC}") = "Tyuiu.UsoltsevAD.Sprint1.Task1.V18.Lib", "Tyuiu.UsoltsevAD.Sprint1.Task1.V18.Lib\Tyuiu.UsoltsevAD.Sprint1.Task1.V18.Lib.csproj", "{D421E731-565E-431D-8B33-2041EE3FDFA7}"
EndProject
Project("{FAE04EC0-301F-11D3-BF4B-00C04F79EFBC}") = "Tyuiu.UsoltsevAD.Sprint1.Task1.V18.Test", "Tyuiu.UsoltsevAD.Sprint1.Task1.V18.Test\Tyuiu.UsoltsevAD.Sprint1.Task1.V18.Test.csproj", "{95A53A66-3A70-4407-AAAD-A24366A44287}"
EndProject
Project("{2150E333-8FDC-42A3-9474-1A3956D46DE8}") = "Task2", "Task2", "{5A86B41C-4C81-4342-83C1-7F5BE635FAB1}"
EndProject
Project("{FAE04EC0-301F-11D3-BF4B-00C04F79EFBC}") = "Tyuiu.UsoltsevAD.Sprint1.Task2.V20", "Tyuiu.UsoltsevAD.Sprint1.Task2.V20\Tyuiu.UsoltsevAD.Sprint1.Task2.V20.csproj", "{2E68AA29-7BE6-4323-BB20-210DFD889008}"
EndProject
Project("{FAE04EC0-301F-11D3-BF4B-00C04F79EFBC}") = "Tyuiu.UsoltsevAD.Sprint1.Task2.V20.Lib", "Tyuiu.UsoltsevAD.Sprint1.Task2.V20.Lib\Tyuiu.UsoltsevAD.Sprint1.Task2.V20.Lib.csproj", "{E10CE86B-4988-4DAF-9B95-3319ABCD2240}"
EndProject
Project("{FAE04EC0-301F-11D3-BF4B-00C04F79EFBC}") = "Tyuiu.UsoltsevAD.Sprint1.Task2.V20.Test", "Tyuiu.UsoltsevAD.Sprint1.Task2.V20.Test\Tyuiu.UsoltsevAD.Sprint1.Task2.V20.Test.csproj", "{2E274620-5239-4CF1-A7E1-F3F96EC92D54}"
EndProject
Project("{2150E333-8FDC-42A3-9474-1A3956D46DE8}") = "Task3", "Task3", "{426891C1-9C86-47B6-9096-B7DE448C740B}"
EndProject
Project("{FAE04EC0-301F-11D3-BF4B-00C04F79EFBC}") = "Tyuiu.UsoltsevAD.Sprint1.Task3.V8", "Tyuiu.UsoltsevAD.Sprint1.Task3.V8\Tyuiu.UsoltsevAD.Sprint1.Task3.V8.csproj", "{73EE01E0-3B6C-4482-A195-1CF79235DCA2}"
EndProject
Project("{FAE04EC0-301F-11D3-BF4B-00C04F79EFBC}") = "Tyuiu.UsoltsevAD.Sprint1.Task3.V8.Lib", "Tyuiu.UsoltsevAD.Sprint1.Task3.V8.Lib\Tyuiu.UsoltsevAD.Sprint1.Task3.V8.Lib.csproj", "{3CA1350C-886F-4DB1-8172-1F4ED2A683BA}"
EndProject
Project("{FAE04EC0-301F-11D3-BF4B-00C04F79EFBC}") = "Tyuiu.UsoltsevAD.Sprint1.Task3.V8.Test", "Tyuiu.UsoltsevAD.Sprint1.Task3.V8.Test\Tyuiu.UsoltsevAD.Sprint1.Task3.V8.Test.csproj", "{B6B337A8-5B95-4BC3-85F0-BE6379F8BFD1}"
EndProject
Project("{2150E333-8FDC-42A3-9474-1A3956D46DE8}") = "Task4", "Task4", "{56F4F555-52C6-411D-80FD-E41BDB8D4AD4}"
EndProject
Project("{FAE04EC0-301F-11D3-BF4B-00C04F79EFBC}") = "Tyuiu.UsoltsevAD.Sprint1.Task4.V4", "Tyuiu.UsoltsevAD.Sprint1.Task4.V4\Tyuiu.UsoltsevAD.Sprint1.Task4.V4.csproj", "{F7CDE950-65C4-4259-8B59-3233EB6DEC7B}"
EndProject
Project("{FAE04EC0-301F-11D3-BF4B-00C04F79EFBC}") = "Tyuiu.UsoltsevAD.Sprint1.Task4.V4.Lib", "Tyuiu.UsoltsevAD.Sprint1.Task4.V4.Lib\Tyuiu.UsoltsevAD.Sprint1.Task4.V4.Lib.csproj", "{58AC485C-76B2-440F-89D3-DD9B5D0EBC3F}"
EndProject
Project("{FAE04EC0-301F-11D3-BF4B-00C04F79EFBC}") = "Tyuiu.UsoltsevAD.Sprint1.Task4.V4.Test", "Tyuiu.UsoltsevAD.Sprint1.Task4.V4.Test\Tyuiu.UsoltsevAD.Sprint1.Task4.V4.Test.csproj", "{B3FC4523-9683-4CEE-94E5-A970D0FB3360}"
EndProject
Project("{2150E333-8FDC-42A3-9474-1A3956D46DE8}") = "Task5", "Task5", "{16784769-AED9-42E9-87F7-FE9A4C6D9234}"
EndProject
Project("{FAE04EC0-301F-11D3-BF4B-00C04F79EFBC}") = "Tyuiu.UsoltsevAD.Sprint1.Task5.V2", "Tyuiu.UsoltsevAD.Sprint1.Task5.V2\Tyuiu.UsoltsevAD.Sprint1.Task5.V2.csproj", "{93379314-7649-4847-9773-AF48E0230D1F}"
EndProject
Project("{FAE04EC0-301F-11D3-BF4B-00C04F79EFBC}") = "Tyuiu.UsoltsevAD.Sprint1.Task5.V2.Lib", "Tyuiu.UsoltsevAD.Sprint1.Task5.V2.Lib\Tyuiu.UsoltsevAD.Sprint1.Task5.V2.Lib.csproj", "{F9B96657-9EA9-46CE-B984-A4A861C0AA1D}"
EndProject
Project("{FAE04EC0-301F-11D3-BF4B-00C04F79EFBC}") = "Tyuiu.UsoltsevAD.Sprint1.Task5.V2.Test", "Tyuiu.UsoltsevAD.Sprint1.Task5.V2.Test\Tyuiu.UsoltsevAD.Sprint1.Task5.V2.Test.csproj", "{C4F05D7D-555D-4FED-BC4A-A5E42807DB0F}"
EndProject
Project("{2150E333-8FDC-42A3-9474-1A3956D46DE8}") = "Task6", "Task6", "{8CCAB8CD-4795-40E5-AA67-FB4F1CB73246}"
EndProject
Project("{FAE04EC0-301F-11D3-BF4B-00C04F79EFBC}") = "Tyuiu.UsoltsevAD.Sprint1.Task6.V8", "Tyuiu.UsoltsevAD.Sprint1.Task6.V8\Tyuiu.UsoltsevAD.Sprint1.Task6.V8.csproj", "{F05A96AB-41C7-455B-BF04-219B922FEE0B}"
EndProject
Project("{FAE04EC0-301F-11D3-BF4B-00C04F79EFBC}") = "Tyuiu.UsoltsevAD.Sprint1.Task6.V8.Lib", "Tyuiu.UsoltsevAD.Sprint1.Task6.V8.Lib\Tyuiu.UsoltsevAD.Sprint1.Task6.V8.Lib.csproj", "{FDFDF41F-353C-44C4-B71E-0AF5F0E5646E}"
EndProject
Project("{FAE04EC0-301F-11D3-BF4B-00C04F79EFBC}") = "Tyuiu.UsoltsevAD.Sprint1.Task6.V8.Test", "Tyuiu.UsoltsevAD.Sprint1.Task6.V8.Test\Tyuiu.UsoltsevAD.Sprint1.Task6.V8.Test.csproj", "{2B0C8DE0-0639-42F0-9F8C-2478E486F5C6}"
EndProject
Global
	GlobalSection(SolutionConfigurationPlatforms) = preSolution
		Debug|Any CPU = Debug|Any CPU
		Release|Any CPU = Release|Any CPU
	EndGlobalSection
	GlobalSection(ProjectConfigurationPlatforms) = postSolution
		{8E5A7970-2CD0-4DBA-AEBF-160976EC2590}.Debug|Any CPU.ActiveCfg = Debug|Any CPU
		{8E5A7970-2CD0-4DBA-AEBF-160976EC2590}.Debug|Any CPU.Build.0 = Debug|Any CPU
		{8E5A7970-2CD0-4DBA-AEBF-160976EC2590}.Release|Any CPU.ActiveCfg = Release|Any CPU
		{8E5A7970-2CD0-4DBA-AEBF-160976EC2590}.Release|Any CPU.Build.0 = Release|Any CPU
		{1E897912-C8C6-4770-A585-B695F4E4D925}.Debug|Any CPU.ActiveCfg = Debug|Any CPU
		{1E897912-C8C6-4770-A585-B695F4E4D925}.Debug|Any CPU.Build.0 = Debug|Any CPU
		{1E897912-C8C6-4770-A585-B695F4E4D925}.Release|Any CPU.ActiveCfg = Release|Any CPU
		{1E897912-C8C6-4770-A585-B695F4E4D925}.Release|Any CPU.Build.0 = Release|Any CPU
		{0BC258A2-7426-4B9B-847C-25CED22742C6}.Debug|Any CPU.ActiveCfg = Debug|Any CPU
		{0BC258A2-7426-4B9B-847C-25CED22742C6}.Debug|Any CPU.Build.0 = Debug|Any CPU
		{0BC258A2-7426-4B9B-847C-25CED22742C6}.Release|Any CPU.ActiveCfg = Release|Any CPU
		{0BC258A2-7426-4B9B-847C-25CED22742C6}.Release|Any CPU.Build.0 = Release|Any CPU
		{B1A32290-9913-4560-A909-6B211C740428}.Debug|Any CPU.ActiveCfg = Debug|Any CPU
		{B1A32290-9913-4560-A909-6B211C740428}.Debug|Any CPU.Build.0 = Debug|Any CPU
		{B1A32290-9913-4560-A909-6B211C740428}.Release|Any CPU.ActiveCfg = Release|Any CPU
		{B1A32290-9913-4560-A909-6B211C740428}.Release|Any CPU.Build.0 = Release|Any CPU
		{D421E731-565E-431D-8B33-2041EE3FDFA7}.Debug|Any CPU.ActiveCfg = Debug|Any CPU
		{D421E731-565E-431D-8B33-2041EE3FDFA7}.Debug|Any CPU.Build.0 = Debug|Any CPU
		{D421E731-565E-431D-8B33-2041EE3FDFA7}.Release|Any CPU.ActiveCfg = Release|Any CPU
		{D421E731-565E-431D-8B33-2041EE3FDFA7}.Release|Any CPU.Build.0 = Release|Any CPU
		{95A53A66-3A70-4407-AAAD-A24366A44287}.Debug|Any CPU.ActiveCfg = Debug|Any CPU
		{95A53A66-3A70-4407-AAAD-A24366A44287}.Debug|Any CPU.Build.0 = Debug|Any CPU
		{95A53A66-3A70-4407-AAAD-A24366A44287}.Release|Any CPU.ActiveCfg = Release|Any CPU
		{95A53A66-3A70-4407-AAAD-A24366A44287}.Release|Any CPU.Build.0 = Release|Any CPU
		{2E68AA29-7BE6-4323-BB20-210DFD889008}.Debug|Any CPU.ActiveCfg = Debug|Any CPU
		{2E68AA29-7BE6-4323-BB20-210DFD889008}.Debug|Any CPU.Build.0 = Debug|Any CPU
		{2E68AA29-7BE6-4323-BB20-210DFD889008}.Release|Any CPU.ActiveCfg = Release|Any CPU
		{2E68AA29-7BE6-4323-BB20-210DFD889008}.Release|Any CPU.Build.0 = Release|Any CPU
		{E10CE86B-4988-4DAF-9B95-3319ABCD2240}.Debug|Any CPU.ActiveCfg = Debug|Any CPU
		{E10CE86B-4988-4DAF-9B95-3319ABCD2240}.Debug|Any CPU.Build.0 = Debug|Any CPU
		{E10CE86B-4988-4DAF-9B95-3319ABCD2240}.Release|Any CPU.ActiveCfg = Release|Any CPU
		{E10CE86B-4988-4DAF-9B95-3319ABCD2240}.Release|Any CPU.Build.0 = Release|Any CPU
		{2E274620-5239-4CF1-A7E1-F3F96EC92D54}.Debug|Any CPU.ActiveCfg = Debug|Any CPU
		{2E274620-5239-4CF1-A7E1-F3F96EC92D54}.Debug|Any CPU.Build.0 = Debug|Any CPU
		{2E274620-5239-4CF1-A7E1-F3F96EC92D54}.Release|Any CPU.ActiveCfg = Release|Any CPU
		{2E274620-5239-4CF1-A7E1-F3F96EC92D54}.Release|Any CPU.Build.0 = Release|Any CPU
		{73EE01E0-3B6C-4482-A195-1CF79235DCA2}.Debug|Any CPU.ActiveCfg = Debug|Any CPU
		{73EE01E0-3B6C-4482-A195-1CF79235DCA2}.Debug|Any CPU.Build.0 = Debug|Any CPU
		{73EE01E0-3B6C-4482-A195-1CF79235DCA2}.Release|Any CPU.ActiveCfg = Release|Any CPU
		{73EE01E0-3B6C-4482-A195-1CF79235DCA2}.Release|Any CPU.Build.0 = Release|Any CPU
		{3CA1350C-886F-4DB1-8172-1F4ED2A683BA}.Debug|Any CPU.ActiveCfg = Debug|Any CPU
		{3CA1350C-886F-4DB1-8172-1F4ED2A683BA}.Debug|Any CPU.Build.0 = Debug|Any CPU
		{3CA1350C-886F-4DB1-8172-1F4ED2A683BA}.Release|Any CPU.ActiveCfg = Release|Any CPU
		{3CA1350C-886F-4DB1-8172-1F4ED2A683BA}.Release|Any CPU.Build.0 = Release|Any CPU
		{B6B337A8-5B95-4BC3-85F0-BE6379F8BFD1}.Debug|Any CPU.ActiveCfg = Debug|Any CPU
		{B6B337A8-5B95-4BC3-85F0-BE6379F8BFD1}.Debug|Any CPU.Build.0 = Debug|Any CPU
		{B6B337A8-5B95-4BC3-85F0-BE6379F8BFD1}.Release|Any CPU.ActiveCfg = Release|Any CPU
		{B6B337A8-5B95-4BC3-85F0-BE6379F8BFD1}.Release|Any CPU.Build.0 = Release|Any CPU
		{F7CDE950-65C4-4259-8B59-3233EB6DEC7B}.Debug|Any CPU.ActiveCfg = Debug|Any CPU
		{F7CDE950-65C4-4259-8B59-3233EB6DEC7B}.Debug|Any CPU.Build.0 = Debug|Any CPU
		{F7CDE950-65C4-4259-8B59-3233EB6DEC7B}.Release|Any CPU.ActiveCfg = Release|Any CPU
		{F7CDE950-65C4-4259-8B59-3233EB6DEC7B}.Release|Any CPU.Build.0 = Release|Any CPU
		{58AC485C-76B2-440F-89D3-DD9B5D0EBC3F}.Debug|Any CPU.ActiveCfg = Debug|Any CPU
		{58AC485C-76B2-440F-89D3-DD9B5D0EBC3F}.Debug|Any CPU.Build.0 = Debug|Any CPU
		{58AC485C-76B2-440F-89D3-DD9B5D0EBC3F}.Release|Any CPU.ActiveCfg = Release|Any CPU
		{58AC485C-76B2-440F-89D3-DD9B5D0EBC3F}.Release|Any CPU.Build.0 = Release|Any CPU
		{B3FC4523-9683-4CEE-94E5-A970D0FB3360}.Debug|Any CPU.ActiveCfg = Debug|Any CPU
		{B3FC4523-9683-4CEE-94E5-A970D0FB3360}.Debug|Any CPU.Build.0 = Debug|Any CPU
		{B3FC4523-9683-4CEE-94E5-A970D0FB3360}.Release|Any CPU.ActiveCfg = Release|Any CPU
		{B3FC4523-9683-4CEE-94E5-A970D0FB3360}.Release|Any CPU.Build.0 = Release|Any CPU
		{93379314-7649-4847-9773-AF48E0230D1F}.Debug|Any CPU.ActiveCfg = Debug|Any CPU
		{93379314-7649-4847-9773-AF48E0230D1F}.Debug|Any CPU.Build.0 = Debug|Any CPU
		{93379314-7649-4847-9773-AF48E0230D1F}.Release|Any CPU.ActiveCfg = Release|Any CPU
		{93379314-7649-4847-9773-AF48E0230D1F}.Release|Any CPU.Build.0 = Release|Any CPU
		{F9B96657-9EA9-46CE-B984-A4A861C0AA1D}.Debug|Any CPU.ActiveCfg = Debug|Any CPU
		{F9B96657-9EA9-46CE-B984-A4A861C0AA1D}.Debug|Any CPU.Build.0 = Debug|Any CPU
		{F9B96657-9EA9-46CE-B984-A4A861C0AA1D}.Release|Any CPU.ActiveCfg = Release|Any CPU
		{F9B96657-9EA9-46CE-B984-A4A861C0AA1D}.Release|Any CPU.Build.0 = Release|Any CPU
		{C4F05D7D-555D-4FED-BC4A-A5E42807DB0F}.Debug|Any CPU.ActiveCfg = Debug|Any CPU
		{C4F05D7D-555D-4FED-BC4A-A5E42807DB0F}.Debug|Any CPU.Build.0 = Debug|Any CPU
		{C4F05D7D-555D-4FED-BC4A-A5E42807DB0F}.Release|Any CPU.ActiveCfg = Release|Any CPU
		{C4F05D7D-555D-4FED-BC4A-A5E42807DB0F}.Release|Any CPU.Build.0 = Release|Any CPU
		{F05A96AB-41C7-455B-BF04-219B922FEE0B}.Debug|Any CPU.ActiveCfg = Debug|Any CPU
		{F05A96AB-41C7-455B-BF04-219B922FEE0B}.Debug|Any CPU.Build.0 = Debug|Any CPU
		{F05A96AB-41C7-455B-BF04-219B922FEE0B}.Release|Any CPU.ActiveCfg = Release|Any CPU
		{F05A96AB-41C7-455B-BF04-219B922FEE0B}.Release|Any CPU.Build.0 = Release|Any CPU
		{FDFDF41F-353C-44C4-B71E-0AF5F0E5646E}.Debug|Any CPU.ActiveCfg = Debug|Any CPU
		{FDFDF41F-353C-44C4-B71E-0AF5F0E5646E}.Debug|Any CPU.Build.0 = Debug|Any CPU
		{FDFDF41F-353C-44C4-B71E-0AF5F0E5646E}.Release|Any CPU.ActiveCfg = Release|Any CPU
		{FDFDF41F-353C-44C4-B71E-0AF5F0E5646E}.Release|Any CPU.Build.0 = Release|Any CPU
		{2B0C8DE0-0639-42F0-9F8C-2478E486F5C6}.Debug|Any CPU.ActiveCfg = Debug|Any CPU
		{2B0C8DE0-0639-42F0-9F8C-2478E486F5C6}.Debug|Any CPU.Build.0 = Debug|Any CPU
		{2B0C8DE0-0639-42F0-9F8C-2478E486F5C6}.Release|Any CPU.ActiveCfg = Release|Any CPU
		{2B0C8DE0-0639-42F0-9F8C-2478E486F5C6}.Release|Any CPU.Build.0 = Release|Any CPU
	EndGlobalSection
	GlobalSection(SolutionProperties) = preSolution
		HideSolutionNode = FALSE
	EndGlobalSection
	GlobalSection(NestedProjects) = preSolution
		{8E5A7970-2CD0-4DBA-AEBF-160976EC2590} = {70EB51CB-36BD-43A5-AE36-0F19D96A42D3}
		{1E897912-C8C6-4770-A585-B695F4E4D925} = {70EB51CB-36BD-43A5-AE36-0F19D96A42D3}
		{0BC258A2-7426-4B9B-847C-25CED22742C6} = {70EB51CB-36BD-43A5-AE36-0F19D96A42D3}
		{B1A32290-9913-4560-A909-6B211C740428} = {DAF461E5-F6B0-41A8-8543-EFE90273EC3C}
		{D421E731-565E-431D-8B33-2041EE3FDFA7} = {DAF461E5-F6B0-41A8-8543-EFE90273EC3C}
		{95A53A66-3A70-4407-AAAD-A24366A44287} = {DAF461E5-F6B0-41A8-8543-EFE90273EC3C}
		{2E68AA29-7BE6-4323-BB20-210DFD889008} = {5A86B41C-4C81-4342-83C1-7F5BE635FAB1}
		{E10CE86B-4988-4DAF-9B95-3319ABCD2240} = {5A86B41C-4C81-4342-83C1-7F5BE635FAB1}
		{2E274620-5239-4CF1-A7E1-F3F96EC92D54} = {5A86B41C-4C81-4342-83C1-7F5BE635FAB1}
		{73EE01E0-3B6C-4482-A195-1CF79235DCA2} = {426891C1-9C86-47B6-9096-B7DE448C740B}
		{3CA1350C-886F-4DB1-8172-1F4ED2A683BA} = {426891C1-9C86-47B6-9096-B7DE448C740B}
		{B6B337A8-5B95-4BC3-85F0-BE6379F8BFD1} = {426891C1-9C86-47B6-9096-B7DE448C740B}
		{F7CDE950-65C4-4259-8B59-3233EB6DEC7B} = {56F4F555-52C6-411D-80FD-E41BDB8D4AD4}
		{58AC485C-76B2-440F-89D3-DD9B5D0EBC3F} = {56F4F555-52C6-411D-80FD-E41BDB8D4AD4}
		{B3FC4523-9683-4CEE-94E5-A970D0FB3360} = {56F4F555-52C6-411D-80FD-E41BDB8D4AD4}
		{93379314-7649-4847-9773-AF48E0230D1F} = {16784769-AED9-42E9-87F7-FE9A4C6D9234}
		{F9B96657-9EA9-46CE-B984-A4A861C0AA1D} = {16784769-AED9-42E9-87F7-FE9A4C6D9234}
		{C4F05D7D-555D-4FED-BC4A-A5E42807DB0F} = {16784769-AED9-42E9-87F7-FE9A4C6D9234}
		{F05A96AB-41C7-455B-BF04-219B922FEE0B} = {8CCAB8CD-4795-40E5-AA67-FB4F1CB73246}
		{FDFDF41F-353C-44C4-B71E-0AF5F0E5646E} = {8CCAB8CD-4795-40E5-AA67-FB4F1CB73246}
		{2B0C8DE0-0639-42F0-9F8C-2478E486F5C6} = {8CCAB8CD-4795-40E5-AA67-FB4F1CB73246}
	EndGlobalSection
	GlobalSection(ExtensibilityGlobals) = postSolution
		SolutionGuid = {E19D90E1-1824-4440-A35F-6FD3B9B53093}
	EndGlobalSection
EndGlobal
